
Microsoft Visual Studio Solution File, Format Version 12.00
# Visual Studio Version 16
VisualStudioVersion = 16.0.31321.278
MinimumVisualStudioVersion = 10.0.40219.1
Project("{6EC3EE1D-3C4E-46DD-8F32-0CC8E7565705}") = "OrchestrationFunc", "OrchestrationFunc\OrchestrationFunc.fsproj", "{392A5ED3-C380-4D70-A370-30A176D51CC5}"
EndProject
Global
	GlobalSection(SolutionConfigurationPlatforms) = preSolution
		Debug|Any CPU = Debug|Any CPU
		Release|Any CPU = Release|Any CPU
	EndGlobalSection
	GlobalSection(ProjectConfigurationPlatforms) = postSolution
		{392A5ED3-C380-4D70-A370-30A176D51CC5}.Debug|Any CPU.ActiveCfg = Debug|Any CPU
		{392A5ED3-C380-4D70-A370-30A176D51CC5}.Debug|Any CPU.Build.0 = Debug|Any CPU
		{392A5ED3-C380-4D70-A370-30A176D51CC5}.Release|Any CPU.ActiveCfg = Release|Any CPU
		{392A5ED3-C380-4D70-A370-30A176D51CC5}.Release|Any CPU.Build.0 = Release|Any CPU
	EndGlobalSection
	GlobalSection(SolutionProperties) = preSolution
		HideSolutionNode = FALSE
	EndGlobalSection
	GlobalSection(ExtensibilityGlobals) = postSolution
		SolutionGuid = {14FBED19-0279-49AC-A3DD-DBCB32B6CD32}
	EndGlobalSection
EndGlobal
